
Microsoft Visual Studio Solution File, Format Version 12.00
# Visual Studio Version 17
VisualStudioVersion = 17.5.002.0
MinimumVisualStudioVersion = 10.0.40219.1
Project("{9A19103F-16F7-4668-BE54-9A1E7A4F7556}") = "MushroomPocket", "MushroomPocket.csproj", "{B18A8EA8-A197-4EF4-AB37-6CDF924EEB42}"
EndProject
Global
	GlobalSection(SolutionConfigurationPlatforms) = preSolution
		Debug|Any CPU = Debug|Any CPU
		Release|Any CPU = Release|Any CPU
	EndGlobalSection
	GlobalSection(ProjectConfigurationPlatforms) = postSolution
		{B18A8EA8-A197-4EF4-AB37-6CDF924EEB42}.Debug|Any CPU.ActiveCfg = Debug|Any CPU
		{B18A8EA8-A197-4EF4-AB37-6CDF924EEB42}.Debug|Any CPU.Build.0 = Debug|Any CPU
		{B18A8EA8-A197-4EF4-AB37-6CDF924EEB42}.Release|Any CPU.ActiveCfg = Release|Any CPU
		{B18A8EA8-A197-4EF4-AB37-6CDF924EEB42}.Release|Any CPU.Build.0 = Release|Any CPU
	EndGlobalSection
	GlobalSection(SolutionProperties) = preSolution
		HideSolutionNode = FALSE
	EndGlobalSection
	GlobalSection(ExtensibilityGlobals) = postSolution
		SolutionGuid = {04B92D13-64B1-4609-A65A-B701AC4E5D8D}
	EndGlobalSection
EndGlobal
